{
    "_readme": [
        "This file locks the dependencies of your project to a known state",
        "Read more about it at https://getcomposer.org/doc/01-basic-usage.md#composer-lock-the-lock-file",
        "This file is @generated automatically"
    ],
    "hash": "42f1699d9252a007709091c9c47a5e00",
    "packages": [
        {
            "name": "dc/bundler",
            "version": "dev-master",
            "source": {
                "type": "git",
                "url": "https://github.com/digitalcreations/bundler.git",
                "reference": "fbb3ae336403952dab2f7d842f12d6ceb9f3d764"
            },
            "dist": {
                "type": "zip",
                "url": "https://api.github.com/repos/digitalcreations/bundler/zipball/fbb3ae336403952dab2f7d842f12d6ceb9f3d764",
                "reference": "fbb3ae336403952dab2f7d842f12d6ceb9f3d764",
                "shasum": ""
            },
            "require": {
                "dc/router": "*",
                "dflydev/apache-mime-types": "*"
            },
            "require-dev": {
                "phpunit/phpunit": "4.0.*"
            },
            "type": "library",
            "autoload": {
                "psr-4": {
                    "DC\\Bundler\\": "src/Bundler/"
                }
            },
            "notification-url": "https://packagist.org/downloads/",
            "license": [
                "MIT"
            ],
            "authors": [
                {
                    "name": "Digital Creations AS",
                    "homepage": "http://www.digitalcreations.no",
                    "role": "Company"
                },
                {
                    "name": "Vegard Andreas Larsen",
                    "homepage": "http://vega.rd.no",
                    "role": "Developer"
                }
            ],
            "description": "Asset bundling for dc/router",
            "homepage": "http://github.com/digitalcreations/bundler",
            "time": "2015-05-22 12:43:38"
        },
        {
            "name": "dc/bundler-jsmin",
            "version": "dev-master",
            "source": {
                "type": "git",
                "url": "https://github.com/digitalcreations/bundler-jsmin.git",
                "reference": "66fcf9ffa6573a2d16ae3d68763c40c12f8b9fc1"
            },
            "dist": {
                "type": "zip",
                "url": "https://api.github.com/repos/digitalcreations/bundler-jsmin/zipball/66fcf9ffa6573a2d16ae3d68763c40c12f8b9fc1",
                "reference": "66fcf9ffa6573a2d16ae3d68763c40c12f8b9fc1",
                "shasum": ""
            },
            "require": {
                "dc/bundler": "dev-master",
                "linkorb/jsmin-php": "1.*"
            },
            "suggest": {
                "dc/ioc": "dev-master"
            },
            "type": "library",
            "autoload": {
                "psr-4": {
                    "DC\\Bundler\\JSMin\\": "src/"
                }
            },
            "notification-url": "https://packagist.org/downloads/",
            "license": [
                "MIT"
            ],
            "authors": [
                {
                    "name": "Digital Creations AS",
                    "homepage": "http://www.digitalcreations.no",
                    "role": "Company"
                },
                {
                    "name": "Vegard Andreas Larsen",
                    "homepage": "http://vega.rd.no",
                    "role": "Developer"
                }
            ],
            "description": "JSMin support for dc/bundler",
            "homepage": "http://github.com/digitalcreations/bundler-jsmin",
            "time": "2015-05-22 12:33:31"
        },
        {
            "name": "dc/bundler-less",
            "version": "dev-master",
            "source": {
                "type": "git",
                "url": "https://github.com/digitalcreations/bundler-less.git",
                "reference": "c261209b2ce73104bc15f6e1a1eddd780eb66550"
            },
            "dist": {
                "type": "zip",
                "url": "https://api.github.com/repos/digitalcreations/bundler-less/zipball/c261209b2ce73104bc15f6e1a1eddd780eb66550",
                "reference": "c261209b2ce73104bc15f6e1a1eddd780eb66550",
                "shasum": ""
            },
            "require": {
                "dc/bundler": "dev-master",
                "oyejorge/less.php": "1.*"
            },
            "suggest": {
                "dc/ioc": "dev-master"
            },
            "type": "library",
            "autoload": {
                "psr-4": {
                    "DC\\Bundler\\Less\\": "src/"
                }
            },
            "notification-url": "https://packagist.org/downloads/",
            "license": [
                "MIT"
            ],
            "authors": [
                {
                    "name": "Digital Creations AS",
                    "homepage": "http://www.digitalcreations.no",
                    "role": "Company"
                },
                {
                    "name": "Vegard Andreas Larsen",
                    "homepage": "http://vega.rd.no",
                    "role": "Developer"
                }
            ],
            "description": "LESS support for dc/bundler",
            "homepage": "http://github.com/digitalcreations/bundler-less",
            "time": "2015-05-22 12:33:15"
        },
        {
            "name": "dc/ioc",
            "version": "0.1.3",
            "source": {
                "type": "git",
                "url": "https://github.com/digitalcreations/ioc.git",
                "reference": "bb81bf33e75805d14ff4d94a3d6a130d9d128331"
            },
            "dist": {
                "type": "zip",
                "url": "https://api.github.com/repos/digitalcreations/ioc/zipball/bb81bf33e75805d14ff4d94a3d6a130d9d128331",
                "reference": "bb81bf33e75805d14ff4d94a3d6a130d9d128331",
                "shasum": ""
            },
            "require-dev": {
                "phpunit/phpunit": "4.0.*"
            },
            "type": "library",
            "autoload": {
                "psr-4": {
                    "DC\\IoC\\": "src/IoC"
                }
            },
            "notification-url": "https://packagist.org/downloads/",
            "license": [
                "MIT"
            ],
            "authors": [
                {
                    "name": "Digital Creations AS",
                    "homepage": "http://www.digitalcreations.no",
                    "role": "Company"
                },
                {
                    "name": "Vegard Andreas Larsen",
                    "homepage": "http://vega.rd.no",
                    "role": "Developer"
                }
            ],
            "description": "Simple IoC container",
            "homepage": "http://github.com/digitalcreations/ioc",
            "keywords": [
                "dependency injection",
                "di",
                "inversion of control",
                "ioc"
            ],
            "time": "2014-06-02 08:12:11"
        },
        {
            "name": "dc/router",
            "version": "0.1.3",
            "source": {
                "type": "git",
                "url": "https://github.com/digitalcreations/router.git",
                "reference": "6bdfd2373b2280fdb7147b10769f5f726e9bf112"
            },
            "dist": {
                "type": "zip",
                "url": "https://api.github.com/repos/digitalcreations/router/zipball/6bdfd2373b2280fdb7147b10769f5f726e9bf112",
                "reference": "6bdfd2373b2280fdb7147b10769f5f726e9bf112",
                "shasum": ""
            },
            "require": {
                "willdurand/negotiation": "1.3.*"
            },
            "require-dev": {
                "dc/cache": "0.*",
                "dc/ioc": "0.*",
                "phpunit/phpunit": "4.0.*"
            },
            "suggest": {
                "dc/cache": "0.*",
                "dc/ioc": "0.*"
            },
            "type": "library",
            "autoload": {
                "psr-4": {
                    "DC\\Router\\": "src/Router"
                }
            },
            "notification-url": "https://packagist.org/downloads/",
            "license": [
                "MIT"
            ],
            "authors": [
                {
                    "name": "Digital Creations AS",
                    "homepage": "http://www.digitalcreations.no",
                    "role": "Company"
                },
                {
                    "name": "Vegard Andreas Larsen",
                    "homepage": "http://vega.rd.no",
                    "role": "Developer"
                }
            ],
            "description": "HTTP router",
            "homepage": "http://github.com/digitalcreations/router",
            "keywords": [
                "http",
                "router",
                "routing"
            ],
            "time": "2014-11-20 08:20:05"
        },
        {
            "name": "dflydev/apache-mime-types",
            "version": "v1.0.1",
            "source": {
                "type": "git",
                "url": "https://github.com/dflydev/dflydev-apache-mime-types.git",
                "reference": "f30a57e59b7476e4c5270b6a0727d79c9c0eb861"
            },
            "dist": {
                "type": "zip",
                "url": "https://api.github.com/repos/dflydev/dflydev-apache-mime-types/zipball/f30a57e59b7476e4c5270b6a0727d79c9c0eb861",
                "reference": "f30a57e59b7476e4c5270b6a0727d79c9c0eb861",
                "shasum": ""
            },
            "require": {
                "php": ">=5.3"
            },
            "require-dev": {
                "twig/twig": "1.*"
            },
            "type": "library",
            "extra": {
                "branch-alias": {
                    "dev-master": "1.0-dev"
                }
            },
            "autoload": {
                "psr-0": {
                    "Dflydev\\ApacheMimeTypes": "src"
                }
            },
            "notification-url": "https://packagist.org/downloads/",
            "license": [
                "MIT"
            ],
            "authors": [
                {
                    "name": "Dragonfly Development Inc.",
                    "email": "info@dflydev.com",
                    "homepage": "http://dflydev.com"
                },
                {
                    "name": "Beau Simensen",
                    "email": "beau@dflydev.com",
                    "homepage": "http://beausimensen.com"
                }
            ],
            "description": "Apache MIME Types",
            "keywords": [
                "apache",
                "mime",
                "mimetypes"
            ],
            "time": "2013-05-14 02:02:01"
        },
        {
            "name": "linkorb/jsmin-php",
            "version": "1.0.0",
            "source": {
                "type": "git",
                "url": "https://github.com/linkorb/jsmin-php.git",
                "reference": "be85d87fc9c27730e7e9ced742b13010dafc1026"
            },
            "dist": {
                "type": "zip",
                "url": "https://api.github.com/repos/linkorb/jsmin-php/zipball/be85d87fc9c27730e7e9ced742b13010dafc1026",
                "reference": "be85d87fc9c27730e7e9ced742b13010dafc1026",
                "shasum": ""
            },
            "require": {
                "php": ">=5.0.0"
            },
            "type": "library",
            "autoload": {
                "classmap": [
                    "src/"
                ]
            },
            "notification-url": "https://packagist.org/downloads/",
            "license": [
                "MIT"
            ],
            "authors": [
                {
                    "name": "Joost Faassen",
                    "email": "j.faassen@linkorb.com",
                    "role": "Packaging for composer"
                },
                {
                    "name": "Ryan Grove",
                    "email": "ryan@wonko.com",
                    "role": "PHP port"
                },
                {
                    "name": "Adam Gofort",
                    "email": "aag@adamgoforth.com",
                    "role": "Updates to the PHP port"
                },
                {
                    "name": "Douglas Crockford",
                    "email": "douglas@crockford.com"
                }
            ],
            "description": "Unofficial package of jsmin-php",
            "homepage": "http://www.github.com/linkorb/jsmin-php",
            "keywords": [
                "javascript",
                "jsmin",
                "minify"
            ],
            "time": "2013-03-15 13:16:35"
        },
        {
            "name": "oyejorge/less.php",
            "version": "v1.7.0.3",
            "source": {
                "type": "git",
                "url": "https://github.com/oyejorge/less.php.git",
                "reference": "6e08ecb07e6f6d9170c23e8744c58fdd822ad0de"
            },
            "dist": {
                "type": "zip",
                "url": "https://api.github.com/repos/oyejorge/less.php/zipball/6e08ecb07e6f6d9170c23e8744c58fdd822ad0de",
                "reference": "6e08ecb07e6f6d9170c23e8744c58fdd822ad0de",
                "shasum": ""
            },
            "require": {
                "php": ">=5.2"
            },
            "bin": [
                "bin/lessc"
            ],
            "type": "library",
            "autoload": {
                "psr-0": {
                    "Less": "lib/"
                },
                "classmap": [
                    "lessc.inc.php"
                ]
            },
            "notification-url": "https://packagist.org/downloads/",
            "license": [
                "Apache-2.0"
            ],
            "authors": [
                {
                    "name": "Matt Agar",
                    "homepage": "https://github.com/agar"
                },
                {
                    "name": "Martin Jantošovič",
                    "homepage": "https://github.com/Mordred"
                },
                {
                    "name": "Josh Schmidt",
                    "homepage": "https://github.com/oyejorge"
                }
            ],
            "description": "PHP port of the Javascript version of LESS http://lesscss.org",
            "homepage": "http://lessphp.gpeasy.com",
            "keywords": [
                "css",
                "less",
                "less.js",
                "lesscss",
                "php",
                "stylesheet"
            ],
            "time": "2015-03-10 18:12:59"
        },
        {
            "name": "willdurand/negotiation",
            "version": "1.3.4",
            "source": {
                "type": "git",
                "url": "https://github.com/willdurand/Negotiation.git",
                "reference": "d7fa4ce4a0436915b9ba9f7cb5ff37719f0a834c"
            },
            "dist": {
                "type": "zip",
                "url": "https://api.github.com/repos/willdurand/Negotiation/zipball/d7fa4ce4a0436915b9ba9f7cb5ff37719f0a834c",
                "reference": "d7fa4ce4a0436915b9ba9f7cb5ff37719f0a834c",
                "shasum": ""
            },
            "require": {
                "php": ">=5.3.0"
            },
            "type": "library",
            "extra": {
                "branch-alias": {
                    "dev-master": "1.3-dev"
                }
            },
            "autoload": {
                "psr-0": {
                    "Negotiation": "src/"
                }
            },
            "notification-url": "https://packagist.org/downloads/",
            "license": [
                "MIT"
            ],
            "authors": [
                {
                    "name": "William Durand",
                    "email": "william.durand1@gmail.com"
                }
            ],
            "description": "Content Negotiation tools for PHP provided as a standalone library.",
            "homepage": "http://williamdurand.fr/Negotiation/",
            "keywords": [
                "accept",
                "content",
                "format",
                "header",
                "negotiation"
            ],
            "time": "2014-10-02 07:26:00"
        }
    ],
    "packages-dev": [],
    "aliases": [],
    "minimum-stability": "stable",
    "stability-flags": {
        "dc/bundler": 20,
        "dc/bundler-less": 20,
        "dc/bundler-jsmin": 20
    },
    "prefer-stable": false,
    "prefer-lowest": false,
    "platform": [],
    "platform-dev": []
}
